
Microsoft Visual Studio Solution File, Format Version 12.00
# Visual Studio Version 16
VisualStudioVersion = 16.0.32106.194
MinimumVisualStudioVersion = 10.0.40219.1
Project("{888888A0-9F3D-457C-B088-3A5042F75D52}") = "tdd_test", "tdd_test\tdd_test.pyproj", "{D4377640-BED5-41EA-B7CF-3A53B223A945}"
EndProject
Global
	GlobalSection(SolutionConfigurationPlatforms) = preSolution
		Debug|Any CPU = Debug|Any CPU
		Release|Any CPU = Release|Any CPU
	EndGlobalSection
	GlobalSection(ProjectConfigurationPlatforms) = postSolution
		{D4377640-BED5-41EA-B7CF-3A53B223A945}.Debug|Any CPU.ActiveCfg = Debug|Any CPU
		{D4377640-BED5-41EA-B7CF-3A53B223A945}.Release|Any CPU.ActiveCfg = Release|Any CPU
	EndGlobalSection
	GlobalSection(SolutionProperties) = preSolution
		HideSolutionNode = FALSE
	EndGlobalSection
	GlobalSection(ExtensibilityGlobals) = postSolution
		SolutionGuid = {CCC70336-7D2D-4182-B032-7F8820EF35BB}
	EndGlobalSection
EndGlobal
